// !$*UTF8*$!
{
	archiveVersion = 1;
	classes = {
	};
	objectVersion = 55;
	objects = {

/* Begin PBXBuildFile section */
		2E70FA312804760E009D321E /* EmojiDictionarySwiftUIApp.swift in Sources */ = {isa = PBXBuildFile; fileRef = 2E70FA302804760E009D321E /* EmojiDictionarySwiftUIApp.swift */; };
		2E70FA3528047610009D321E /* Assets.xcassets in Resources */ = {isa = PBXBuildFile; fileRef = 2E70FA3428047610009D321E /* Assets.xcassets */; };
		2E70FA3828047610009D321E /* Preview Assets.xcassets in Resources */ = {isa = PBXBuildFile; fileRef = 2E70FA3728047610009D321E /* Preview Assets.xcassets */; };
		2E70FA3E2804770E009D321E /* EmojiListView.swift in Sources */ = {isa = PBXBuildFile; fileRef = 2E70FA322804760E009D321E /* EmojiListView.swift */; };
		2E70FA4028047727009D321E /* Emoji.swift in Sources */ = {isa = PBXBuildFile; fileRef = 2E70FA3F28047727009D321E /* Emoji.swift */; };
		2E70FA4228047A52009D321E /* EmojiCell.swift in Sources */ = {isa = PBXBuildFile; fileRef = 2E70FA4128047A52009D321E /* EmojiCell.swift */; };
		2E70FA4428047AC5009D321E /* EmojiEditView.swift in Sources */ = {isa = PBXBuildFile; fileRef = 2E70FA4328047AC5009D321E /* EmojiEditView.swift */; };
		2E70FA462804840D009D321E /* EmojiHelper.swift in Sources */ = {isa = PBXBuildFile; fileRef = 2E70FA452804840D009D321E /* EmojiHelper.swift */; };
		2E70FA48280485AA009D321E /* NewEmojiSheetView.swift in Sources */ = {isa = PBXBuildFile; fileRef = 2E70FA47280485AA009D321E /* NewEmojiSheetView.swift */; };
/* End PBXBuildFile section */

/* Begin PBXFileReference section */
		2E70FA2D2804760E009D321E /* EmojiDictionarySwiftUI.app */ = {isa = PBXFileReference; explicitFileType = wrapper.application; includeInIndex = 0; path = EmojiDictionarySwiftUI.app; sourceTree = BUILT_PRODUCTS_DIR; };
		2E70FA302804760E009D321E /* EmojiDictionarySwiftUIApp.swift */ = {isa = PBXFileReference; lastKnownFileType = sourcecode.swift; path = EmojiDictionarySwiftUIApp.swift; sourceTree = "<group>"; };
		2E70FA322804760E009D321E /* EmojiListView.swift */ = {isa = PBXFileReference; lastKnownFileType = sourcecode.swift; path = EmojiListView.swift; sourceTree = "<group>"; };
		2E70FA3428047610009D321E /* Assets.xcassets */ = {isa = PBXFileReference; lastKnownFileType = folder.assetcatalog; path = Assets.xcassets; sourceTree = "<group>"; };
		2E70FA3728047610009D321E /* Preview Assets.xcassets */ = {isa = PBXFileReference; lastKnownFileType = folder.assetcatalog; path = "Preview Assets.xcassets"; sourceTree = "<group>"; };
		2E70FA3F28047727009D321E /* Emoji.swift */ = {isa = PBXFileReference; lastKnownFileType = sourcecode.swift; path = Emoji.swift; sourceTree = "<group>"; };
		2E70FA4128047A52009D321E /* EmojiCell.swift */ = {isa = PBXFileReference; lastKnownFileType = sourcecode.swift; path = EmojiCell.swift; sourceTree = "<group>"; };
		2E70FA4328047AC5009D321E /* EmojiEditView.swift */ = {isa = PBXFileReference; lastKnownFileType = sourcecode.swift; path = EmojiEditView.swift; sourceTree = "<group>"; };
		2E70FA452804840D009D321E /* EmojiHelper.swift */ = {isa = PBXFileReference; lastKnownFileType = sourcecode.swift; path = EmojiHelper.swift; sourceTree = "<group>"; };
		2E70FA47280485AA009D321E /* NewEmojiSheetView.swift */ = {isa = PBXFileReference; lastKnownFileType = sourcecode.swift; path = NewEmojiSheetView.swift; sourceTree = "<group>"; };
/* End PBXFileReference section */

/* Begin PBXFrameworksBuildPhase section */
		2E70FA2A2804760E009D321E /* Frameworks */ = {
			isa = PBXFrameworksBuildPhase;
			buildActionMask = 2147483647;
			files = (
			);
			runOnlyForDeploymentPostprocessing = 0;
		};
/* End PBXFrameworksBuildPhase section */

/* Begin PBXGroup section */
		2E70FA242804760E009D321E = {
			isa = PBXGroup;
			children = (
				2E70FA2F2804760E009D321E /* EmojiDictionarySwiftUI */,
				2E70FA2E2804760E009D321E /* Products */,
			);
			sourceTree = "<group>";
		};
		2E70FA2E2804760E009D321E /* Products */ = {
			isa = PBXGroup;
			children = (
				2E70FA2D2804760E009D321E /* EmojiDictionarySwiftUI.app */,
			);
			name = Products;
			sourceTree = "<group>";
		};
		2E70FA2F2804760E009D321E /* EmojiDictionarySwiftUI */ = {
			isa = PBXGroup;
			children = (
				2E70FA302804760E009D321E /* EmojiDictionarySwiftUIApp.swift */,
				2E70FA322804760E009D321E /* EmojiListView.swift */,
				2E70FA4328047AC5009D321E /* EmojiEditView.swift */,
				2E70FA47280485AA009D321E /* NewEmojiSheetView.swift */,
				2E70FA4128047A52009D321E /* EmojiCell.swift */,
				2E70FA3F28047727009D321E /* Emoji.swift */,
				2E70FA452804840D009D321E /* EmojiHelper.swift */,
				2E70FA3428047610009D321E /* Assets.xcassets */,
				2E70FA3628047610009D321E /* Preview Content */,
			);
			path = EmojiDictionarySwiftUI;
			sourceTree = "<group>";
		};
		2E70FA3628047610009D321E /* Preview Content */ = {
			isa = PBXGroup;
			children = (
				2E70FA3728047610009D321E /* Preview Assets.xcassets */,
			);
			path = "Preview Content";
			sourceTree = "<group>";
		};
/* End PBXGroup section */

/* Begin PBXNativeTarget section */
		2E70FA2C2804760E009D321E /* EmojiDictionarySwiftUI */ = {
			isa = PBXNativeTarget;
			buildConfigurationList = 2E70FA3B28047610009D321E /* Build configuration list for PBXNativeTarget "EmojiDictionarySwiftUI" */;
			buildPhases = (
				2E70FA292804760E009D321E /* Sources */,
				2E70FA2A2804760E009D321E /* Frameworks */,
				2E70FA2B2804760E009D321E /* Resources */,
			);
			buildRules = (
			);
			dependencies = (
			);
			name = EmojiDictionarySwiftUI;
			productName = EmojiDictionarySwiftUI;
			productReference = 2E70FA2D2804760E009D321E /* EmojiDictionarySwiftUI.app */;
			productType = "com.apple.product-type.application";
		};
/* End PBXNativeTarget section */

/* Begin PBXProject section */
		2E70FA252804760E009D321E /* Project object */ = {
			isa = PBXProject;
			attributes = {
				BuildIndependentTargetsInParallel = 1;
				LastSwiftUpdateCheck = 1320;
				LastUpgradeCheck = 1320;
				TargetAttributes = {
					2E70FA2C2804760E009D321E = {
						CreatedOnToolsVersion = 13.2.1;
					};
				};
			};
			buildConfigurationList = 2E70FA282804760E009D321E /* Build configuration list for PBXProject "EmojiDictionarySwiftUI" */;
			compatibilityVersion = "Xcode 13.0";
			developmentRegion = en;
			hasScannedForEncodings = 0;
			knownRegions = (
				en,
				Base,
			);
			mainGroup = 2E70FA242804760E009D321E;
			productRefGroup = 2E70FA2E2804760E009D321E /* Products */;
			projectDirPath = "";
			projectRoot = "";
			targets = (
				2E70FA2C2804760E009D321E /* EmojiDictionarySwiftUI */,
			);
		};
/* End PBXProject section */

/* Begin PBXResourcesBuildPhase section */
		2E70FA2B2804760E009D321E /* Resources */ = {
			isa = PBXResourcesBuildPhase;
			buildActionMask = 2147483647;
			files = (
				2E70FA3828047610009D321E /* Preview Assets.xcassets in Resources */,
				2E70FA3528047610009D321E /* Assets.xcassets in Resources */,
			);
			runOnlyForDeploymentPostprocessing = 0;
		};
/* End PBXResourcesBuildPhase section */

/* Begin PBXSourcesBuildPhase section */
		2E70FA292804760E009D321E /* Sources */ = {
			isa = PBXSourcesBuildPhase;
			buildActionMask = 2147483647;
			files = (
				2E70FA462804840D009D321E /* EmojiHelper.swift in Sources */,
				2E70FA4028047727009D321E /* Emoji.swift in Sources */,
				2E70FA312804760E009D321E /* EmojiDictionarySwiftUIApp.swift in Sources */,
				2E70FA48280485AA009D321E /* NewEmojiSheetView.swift in Sources */,
				2E70FA4428047AC5009D321E /* EmojiEditView.swift in Sources */,
				2E70FA4228047A52009D321E /* EmojiCell.swift in Sources */,
				2E70FA3E2804770E009D321E /* EmojiListView.swift in Sources */,
			);
			runOnlyForDeploymentPostprocessing = 0;
		};
/* End PBXSourcesBuildPhase section */

/* Begin XCBuildConfiguration section */
		2E70FA3928047610009D321E /* Debug */ = {
			isa = XCBuildConfiguration;
			buildSettings = {
				ALWAYS_SEARCH_USER_PATHS = NO;
				CLANG_ANALYZER_NONNULL = YES;
				CLANG_ANALYZER_NUMBER_OBJECT_CONVERSION = YES_AGGRESSIVE;
				CLANG_CXX_LANGUAGE_STANDARD = "gnu++17";
				CLANG_CXX_LIBRARY = "libc++";
				CLANG_ENABLE_MODULES = YES;
				CLANG_ENABLE_OBJC_ARC = YES;
				CLANG_ENABLE_OBJC_WEAK = YES;
				CLANG_WARN_BLOCK_CAPTURE_AUTORELEASING = YES;
				CLANG_WARN_BOOL_CONVERSION = YES;
				CLANG_WARN_COMMA = YES;
				CLANG_WARN_CONSTANT_CONVERSION = YES;
				CLANG_WARN_DEPRECATED_OBJC_IMPLEMENTATIONS = YES;
				CLANG_WARN_DIRECT_OBJC_ISA_USAGE = YES_ERROR;
				CLANG_WARN_DOCUMENTATION_COMMENTS = YES;
				CLANG_WARN_EMPTY_BODY = YES;
				CLANG_WARN_ENUM_CONVERSION = YES;
				CLANG_WARN_INFINITE_RECURSION = YES;
				CLANG_WARN_INT_CONVERSION = YES;
				CLANG_WARN_NON_LITERAL_NULL_CONVERSION = YES;
				CLANG_WARN_OBJC_IMPLICIT_RETAIN_SELF = YES;
				CLANG_WARN_OBJC_LITERAL_CONVERSION = YES;
				CLANG_WARN_OBJC_ROOT_CLASS = YES_ERROR;
				CLANG_WARN_QUOTED_INCLUDE_IN_FRAMEWORK_HEADER = YES;
				CLANG_WARN_RANGE_LOOP_ANALYSIS = YES;
				CLANG_WARN_STRICT_PROTOTYPES = YES;
				CLANG_WARN_SUSPICIOUS_MOVE = YES;
				CLANG_WARN_UNGUARDED_AVAILABILITY = YES_AGGRESSIVE;
				CLANG_WARN_UNREACHABLE_CODE = YES;
				CLANG_WARN__DUPLICATE_METHOD_MATCH = YES;
				COPY_PHASE_STRIP = NO;
				DEBUG_INFORMATION_FORMAT = dwarf;
				ENABLE_STRICT_OBJC_MSGSEND = YES;
				ENABLE_TESTABILITY = YES;
				GCC_C_LANGUAGE_STANDARD = gnu11;
				GCC_DYNAMIC_NO_PIC = NO;
				GCC_NO_COMMON_BLOCKS = YES;
				GCC_OPTIMIZATION_LEVEL = 0;
				GCC_PREPROCESSOR_DEFINITIONS = (
					"DEBUG=1",
					"$(inherited)",
				);
				GCC_WARN_64_TO_32_BIT_CONVERSION = YES;
				GCC_WARN_ABOUT_RETURN_TYPE = YES_ERROR;
				GCC_WARN_UNDECLARED_SELECTOR = YES;
				GCC_WARN_UNINITIALIZED_AUTOS = YES_AGGRESSIVE;
				GCC_WARN_UNUSED_FUNCTION = YES;
				GCC_WARN_UNUSED_VARIABLE = YES;
				IPHONEOS_DEPLOYMENT_TARGET = 15.2;
				MTL_ENABLE_DEBUG_INFO = INCLUDE_SOURCE;
				MTL_FAST_MATH = YES;
				ONLY_ACTIVE_ARCH = YES;
				SDKROOT = iphoneos;
				SWIFT_ACTIVE_COMPILATION_CONDITIONS = DEBUG;
				SWIFT_OPTIMIZATION_LEVEL = "-Onone";
			};
			name = Debug;
		};
		2E70FA3A28047610009D321E /* Release */ = {
			isa = XCBuildConfiguration;
			buildSettings = {
				ALWAYS_SEARCH_USER_PATHS = NO;
				CLANG_ANALYZER_NONNULL = YES;
				CLANG_ANALYZER_NUMBER_OBJECT_CONVERSION = YES_AGGRESSIVE;
				CLANG_CXX_LANGUAGE_STANDARD = "gnu++17";
				CLANG_CXX_LIBRARY = "libc++";
				CLANG_ENABLE_MODULES = YES;
				CLANG_ENABLE_OBJC_ARC = YES;
				CLANG_ENABLE_OBJC_WEAK = YES;
				CLANG_WARN_BLOCK_CAPTURE_AUTORELEASING = YES;
				CLANG_WARN_BOOL_CONVERSION = YES;
				CLANG_WARN_COMMA = YES;
				CLANG_WARN_CONSTANT_CONVERSION = YES;
				CLANG_WARN_DEPRECATED_OBJC_IMPLEMENTATIONS = YES;
				CLANG_WARN_DIRECT_OBJC_ISA_USAGE = YES_ERROR;
				CLANG_WARN_DOCUMENTATION_COMMENTS = YES;
				CLANG_WARN_EMPTY_BODY = YES;
				CLANG_WARN_ENUM_CONVERSION = YES;
				CLANG_WARN_INFINITE_RECURSION = YES;
				CLANG_WARN_INT_CONVERSION = YES;
				CLANG_WARN_NON_LITERAL_NULL_CONVERSION = YES;
				CLANG_WARN_OBJC_IMPLICIT_RETAIN_SELF = YES;
				CLANG_WARN_OBJC_LITERAL_CONVERSION = YES;
				CLANG_WARN_OBJC_ROOT_CLASS = YES_ERROR;
				CLANG_WARN_QUOTED_INCLUDE_IN_FRAMEWORK_HEADER = YES;
				CLANG_WARN_RANGE_LOOP_ANALYSIS = YES;
				CLANG_WARN_STRICT_PROTOTYPES = YES;
				CLANG_WARN_SUSPICIOUS_MOVE = YES;
				CLANG_WARN_UNGUARDED_AVAILABILITY = YES_AGGRESSIVE;
				CLANG_WARN_UNREACHABLE_CODE = YES;
				CLANG_WARN__DUPLICATE_METHOD_MATCH = YES;
				COPY_PHASE_STRIP = NO;
				DEBUG_INFORMATION_FORMAT = "dwarf-with-dsym";
				ENABLE_NS_ASSERTIONS = NO;
				ENABLE_STRICT_OBJC_MSGSEND = YES;
				GCC_C_LANGUAGE_STANDARD = gnu11;
				GCC_NO_COMMON_BLOCKS = YES;
				GCC_WARN_64_TO_32_BIT_CONVERSION = YES;
				GCC_WARN_ABOUT_RETURN_TYPE = YES_ERROR;
				GCC_WARN_UNDECLARED_SELECTOR = YES;
				GCC_WARN_UNINITIALIZED_AUTOS = YES_AGGRESSIVE;
				GCC_WARN_UNUSED_FUNCTION = YES;
				GCC_WARN_UNUSED_VARIABLE = YES;
				IPHONEOS_DEPLOYMENT_TARGET = 15.2;
				MTL_ENABLE_DEBUG_INFO = NO;
				MTL_FAST_MATH = YES;
				SDKROOT = iphoneos;
				SWIFT_COMPILATION_MODE = wholemodule;
				SWIFT_OPTIMIZATION_LEVEL = "-O";
				VALIDATE_PRODUCT = YES;
			};
			name = Release;
		};
		2E70FA3C28047610009D321E /* Debug */ = {
			isa = XCBuildConfiguration;
			buildSettings = {
				ASSETCATALOG_COMPILER_APPICON_NAME = AppIcon;
				ASSETCATALOG_COMPILER_GLOBAL_ACCENT_COLOR_NAME = AccentColor;
				CODE_SIGN_STYLE = Automatic;
				CURRENT_PROJECT_VERSION = 1;
				DEVELOPMENT_ASSET_PATHS = "\"EmojiDictionarySwiftUI/Preview Content\"";
				DEVELOPMENT_TEAM = WK6LDT652Z;
				ENABLE_PREVIEWS = YES;
				GENERATE_INFOPLIST_FILE = YES;
				INFOPLIST_KEY_UIApplicationSceneManifest_Generation = YES;
				INFOPLIST_KEY_UIApplicationSupportsIndirectInputEvents = YES;
				INFOPLIST_KEY_UILaunchScreen_Generation = YES;
				INFOPLIST_KEY_UISupportedInterfaceOrientations_iPad = "UIInterfaceOrientationPortrait UIInterfaceOrientationPortraitUpsideDown UIInterfaceOrientationLandscapeLeft UIInterfaceOrientationLandscapeRight";
				INFOPLIST_KEY_UISupportedInterfaceOrientations_iPhone = "UIInterfaceOrientationPortrait UIInterfaceOrientationLandscapeLeft UIInterfaceOrientationLandscapeRight";
				LD_RUNPATH_SEARCH_PATHS = (
					"$(inherited)",
					"@executable_path/Frameworks",
				);
				MARKETING_VERSION = 1.0;
				PRODUCT_BUNDLE_IDENTIFIER = com.parker.EmojiDictionarySwiftUI;
				PRODUCT_NAME = "$(TARGET_NAME)";
				SWIFT_EMIT_LOC_STRINGS = YES;
				SWIFT_VERSION = 5.0;
				TARGETED_DEVICE_FAMILY = "1,2";
			};
			name = Debug;
		};
		2E70FA3D28047610009D321E /* Release */ = {
			isa = XCBuildConfiguration;
			buildSettings = {
				ASSETCATALOG_COMPILER_APPICON_NAME = AppIcon;
				ASSETCATALOG_COMPILER_GLOBAL_ACCENT_COLOR_NAME = AccentColor;
				CODE_SIGN_STYLE = Automatic;
				CURRENT_PROJECT_VERSION = 1;
				DEVELOPMENT_ASSET_PATHS = "\"EmojiDictionarySwiftUI/Preview Content\"";
				DEVELOPMENT_TEAM = WK6LDT652Z;
				ENABLE_PREVIEWS = YES;
				GENERATE_INFOPLIST_FILE = YES;
				INFOPLIST_KEY_UIApplicationSceneManifest_Generation = YES;
				INFOPLIST_KEY_UIApplicationSupportsIndirectInputEvents = YES;
				INFOPLIST_KEY_UILaunchScreen_Generation = YES;
				INFOPLIST_KEY_UISupportedInterfaceOrientations_iPad = "UIInterfaceOrientationPortrait UIInterfaceOrientationPortraitUpsideDown UIInterfaceOrientationLandscapeLeft UIInterfaceOrientationLandscapeRight";
				INFOPLIST_KEY_UISupportedInterfaceOrientations_iPhone = "UIInterfaceOrientationPortrait UIInterfaceOrientationLandscapeLeft UIInterfaceOrientationLandscapeRight";
				LD_RUNPATH_SEARCH_PATHS = (
					"$(inherited)",
					"@executable_path/Frameworks",
				);
				MARKETING_VERSION = 1.0;
				PRODUCT_BUNDLE_IDENTIFIER = com.parker.EmojiDictionarySwiftUI;
				PRODUCT_NAME = "$(TARGET_NAME)";
				SWIFT_EMIT_LOC_STRINGS = YES;
				SWIFT_VERSION = 5.0;
				TARGETED_DEVICE_FAMILY = "1,2";
			};
			name = Release;
		};
/* End XCBuildConfiguration section */

/* Begin XCConfigurationList section */
		2E70FA282804760E009D321E /* Build configuration list for PBXProject "EmojiDictionarySwiftUI" */ = {
			isa = XCConfigurationList;
			buildConfigurations = (
				2E70FA3928047610009D321E /* Debug */,
				2E70FA3A28047610009D321E /* Release */,
			);
			defaultConfigurationIsVisible = 0;
			defaultConfigurationName = Release;
		};
		2E70FA3B28047610009D321E /* Build configuration list for PBXNativeTarget "EmojiDictionarySwiftUI" */ = {
			isa = XCConfigurationList;
			buildConfigurations = (
				2E70FA3C28047610009D321E /* Debug */,
				2E70FA3D28047610009D321E /* Release */,
			);
			defaultConfigurationIsVisible = 0;
			defaultConfigurationName = Release;
		};
/* End XCConfigurationList section */
	};
	rootObject = 2E70FA252804760E009D321E /* Project object */;
}
